
Microsoft Visual Studio Solution File, Format Version 12.00
# Visual Studio Version 17
VisualStudioVersion = 17.1.32407.343
MinimumVisualStudioVersion = 10.0.40219.1
Project("{9A19103F-16F7-4668-BE54-9A1E7A4F7556}") = "SOAPath", "SOAPath\SOAPath.csproj", "{CBE96864-8380-408A-B377-546895DF9CEB}"
EndProject
Project("{FAE04EC0-301F-11D3-BF4B-00C04F79EFBC}") = "Calculator", "Calculator\Calculator.csproj", "{BE889A02-DC4A-4ABC-B34D-61809E92C16E}"
EndProject
Global
	GlobalSection(SolutionConfigurationPlatforms) = preSolution
		Debug|Any CPU = Debug|Any CPU
		Release|Any CPU = Release|Any CPU
	EndGlobalSection
	GlobalSection(ProjectConfigurationPlatforms) = postSolution
		{CBE96864-8380-408A-B377-546895DF9CEB}.Debug|Any CPU.ActiveCfg = Debug|Any CPU
		{CBE96864-8380-408A-B377-546895DF9CEB}.Debug|Any CPU.Build.0 = Debug|Any CPU
		{CBE96864-8380-408A-B377-546895DF9CEB}.Release|Any CPU.ActiveCfg = Release|Any CPU
		{CBE96864-8380-408A-B377-546895DF9CEB}.Release|Any CPU.Build.0 = Release|Any CPU
		{BE889A02-DC4A-4ABC-B34D-61809E92C16E}.Debug|Any CPU.ActiveCfg = Debug|Any CPU
		{BE889A02-DC4A-4ABC-B34D-61809E92C16E}.Debug|Any CPU.Build.0 = Debug|Any CPU
		{BE889A02-DC4A-4ABC-B34D-61809E92C16E}.Release|Any CPU.ActiveCfg = Release|Any CPU
		{BE889A02-DC4A-4ABC-B34D-61809E92C16E}.Release|Any CPU.Build.0 = Release|Any CPU
	EndGlobalSection
	GlobalSection(SolutionProperties) = preSolution
		HideSolutionNode = FALSE
	EndGlobalSection
	GlobalSection(ExtensibilityGlobals) = postSolution
		SolutionGuid = {7C007C6D-70B5-4538-8716-DCE60805A375}
	EndGlobalSection
EndGlobal
